
Microsoft Visual Studio Solution File, Format Version 12.00
# Visual Studio Version 16
VisualStudioVersion = 16.0.29209.62
MinimumVisualStudioVersion = 10.0.40219.1
Project("{9A19103F-16F7-4668-BE54-9A1E7A4F7556}") = "ApiForSales", "ApiForSales.csproj", "{436C9863-1F89-4EBE-AB7D-97F98F5C7F7F}"
EndProject
Project("{9A19103F-16F7-4668-BE54-9A1E7A4F7556}") = "Model", "..\Models\Model.csproj", "{071B04D6-4930-4AB4-AA85-802FFDDBE451}"
EndProject
Project("{9A19103F-16F7-4668-BE54-9A1E7A4F7556}") = "Core", "..\Core\Core.csproj", "{6CD16E63-94B0-4A94-B10A-EB9AD4CE9130}"
EndProject
Global
	GlobalSection(SolutionConfigurationPlatforms) = preSolution
		Debug|Any CPU = Debug|Any CPU
		Release|Any CPU = Release|Any CPU
	EndGlobalSection
	GlobalSection(ProjectConfigurationPlatforms) = postSolution
		{436C9863-1F89-4EBE-AB7D-97F98F5C7F7F}.Debug|Any CPU.ActiveCfg = Debug|Any CPU
		{436C9863-1F89-4EBE-AB7D-97F98F5C7F7F}.Debug|Any CPU.Build.0 = Debug|Any CPU
		{436C9863-1F89-4EBE-AB7D-97F98F5C7F7F}.Release|Any CPU.ActiveCfg = Release|Any CPU
		{436C9863-1F89-4EBE-AB7D-97F98F5C7F7F}.Release|Any CPU.Build.0 = Release|Any CPU
		{071B04D6-4930-4AB4-AA85-802FFDDBE451}.Debug|Any CPU.ActiveCfg = Debug|Any CPU
		{071B04D6-4930-4AB4-AA85-802FFDDBE451}.Debug|Any CPU.Build.0 = Debug|Any CPU
		{071B04D6-4930-4AB4-AA85-802FFDDBE451}.Release|Any CPU.ActiveCfg = Release|Any CPU
		{071B04D6-4930-4AB4-AA85-802FFDDBE451}.Release|Any CPU.Build.0 = Release|Any CPU
		{6CD16E63-94B0-4A94-B10A-EB9AD4CE9130}.Debug|Any CPU.ActiveCfg = Debug|Any CPU
		{6CD16E63-94B0-4A94-B10A-EB9AD4CE9130}.Debug|Any CPU.Build.0 = Debug|Any CPU
		{6CD16E63-94B0-4A94-B10A-EB9AD4CE9130}.Release|Any CPU.ActiveCfg = Release|Any CPU
		{6CD16E63-94B0-4A94-B10A-EB9AD4CE9130}.Release|Any CPU.Build.0 = Release|Any CPU
	EndGlobalSection
	GlobalSection(SolutionProperties) = preSolution
		HideSolutionNode = FALSE
	EndGlobalSection
	GlobalSection(ExtensibilityGlobals) = postSolution
		SolutionGuid = {97DB6CF3-B25D-46B3-9217-0B2332F7C8B0}
	EndGlobalSection
EndGlobal
